# This file is automatically @generated by Cargo.
# It is not intended for manual editing.
[[package]]
name = "ch10-sjlj"
version = "0.1.0"
dependencies = [
 "libc",
]

[[package]]
name = "libc"
version = "0.2.84"
source = "registry+https://github.com/rust-lang/crates.io-index"
checksum = "1cca32fa0182e8c0989459524dc356b8f2b5c10f1b9eb521b7d182c03cf8c5ff"
