# This file is automatically @generated by Cargo.
# It is not intended for manual editing.
[[package]]
name = "bootloader"
version = "0.7.1"
source = "registry+https://github.com/rust-lang/crates.io-index"
checksum = "32ad51982bc9403df2ec2dbc8fe54a911fbaed7d2faef361a6cbea49f7ad8c9a"

[[package]]
name = "fledgeos"
version = "0.1.0"
dependencies = [
 "bootloader",
]
