# This file is automatically @generated by Cargo.
# It is not intended for manual editing.
[[package]]
name = "basic-handler"
version = "0.1.0"
dependencies = [
 "libc 0.2.53 (registry+https://github.com/rust-lang/crates.io-index)",
]

[[package]]
name = "libc"
version = "0.2.53"
source = "registry+https://github.com/rust-lang/crates.io-index"

[metadata]
"checksum libc 0.2.53 (registry+https://github.com/rust-lang/crates.io-index)" = "ec350a9417dfd244dc9a6c4a71e13895a4db6b92f0b106f07ebbc3f3bc580cee"
